
Microsoft Visual Studio Solution File, Format Version 12.00
# Visual Studio Version 17
VisualStudioVersion = 17.1.32210.238
MinimumVisualStudioVersion = 10.0.40219.1
Project("{FAE04EC0-301F-11D3-BF4B-00C04F79EFBC}") = "UserRegistrationProblem", "UserRegistrationProblem\UserRegistrationProblem.csproj", "{2CD02BB9-E7E9-44C1-B185-27A26770389D}"
EndProject
Global
	GlobalSection(SolutionConfigurationPlatforms) = preSolution
		Debug|Any CPU = Debug|Any CPU
		Release|Any CPU = Release|Any CPU
	EndGlobalSection
	GlobalSection(ProjectConfigurationPlatforms) = postSolution
		{2CD02BB9-E7E9-44C1-B185-27A26770389D}.Debug|Any CPU.ActiveCfg = Debug|Any CPU
		{2CD02BB9-E7E9-44C1-B185-27A26770389D}.Debug|Any CPU.Build.0 = Debug|Any CPU
		{2CD02BB9-E7E9-44C1-B185-27A26770389D}.Release|Any CPU.ActiveCfg = Release|Any CPU
		{2CD02BB9-E7E9-44C1-B185-27A26770389D}.Release|Any CPU.Build.0 = Release|Any CPU
	EndGlobalSection
	GlobalSection(SolutionProperties) = preSolution
		HideSolutionNode = FALSE
	EndGlobalSection
	GlobalSection(ExtensibilityGlobals) = postSolution
		SolutionGuid = {2472E56A-93D5-4E4B-A3F4-94446114E22E}
	EndGlobalSection
EndGlobal
